
Microsoft Visual Studio Solution File, Format Version 12.00
# Visual Studio Version 17
VisualStudioVersion = 17.0.31903.59
MinimumVisualStudioVersion = 10.0.40219.1
Project("{2150E333-8FDC-42A3-9474-1A3956D46DE8}") = "src", "src", "{827E0CD3-B72D-47B6-A68D-7590B98EB39B}"
EndProject
Project("{FAE04EC0-301F-11D3-BF4B-00C04F79EFBC}") = "BnlCommunityFixes.Core", "src\BnlCommunityFixes.Core\BnlCommunityFixes.Core.csproj", "{CF6855E6-68BE-4B0E-829C-F3BA5F35313B}"
EndProject
Project("{FAE04EC0-301F-11D3-BF4B-00C04F79EFBC}") = "BnlCommunityFixes.Updater", "src\BnlCommunityFixes.Updater\BnlCommunityFixes.Updater.csproj", "{51B5359C-E172-4CC2-89CC-784B522225BB}"
EndProject
Project("{FAE04EC0-301F-11D3-BF4B-00C04F79EFBC}") = "BnlCommunityFixes.Launcher", "src\BnlCommunityFixes.Launcher\BnlCommunityFixes.Launcher.csproj", "{2BC42E03-6C01-4430-8ADE-8DCCD09B2EC9}"
EndProject
Global
	GlobalSection(SolutionConfigurationPlatforms) = preSolution
		Debug|Any CPU = Debug|Any CPU
		Debug|x64 = Debug|x64
		Debug|x86 = Debug|x86
		Release|Any CPU = Release|Any CPU
		Release|x64 = Release|x64
		Release|x86 = Release|x86
	EndGlobalSection
	GlobalSection(ProjectConfigurationPlatforms) = postSolution
		{CF6855E6-68BE-4B0E-829C-F3BA5F35313B}.Debug|Any CPU.ActiveCfg = Debug|Any CPU
		{CF6855E6-68BE-4B0E-829C-F3BA5F35313B}.Debug|Any CPU.Build.0 = Debug|Any CPU
		{CF6855E6-68BE-4B0E-829C-F3BA5F35313B}.Debug|x64.ActiveCfg = Debug|Any CPU
		{CF6855E6-68BE-4B0E-829C-F3BA5F35313B}.Debug|x64.Build.0 = Debug|Any CPU
		{CF6855E6-68BE-4B0E-829C-F3BA5F35313B}.Debug|x86.ActiveCfg = Debug|Any CPU
		{CF6855E6-68BE-4B0E-829C-F3BA5F35313B}.Debug|x86.Build.0 = Debug|Any CPU
		{CF6855E6-68BE-4B0E-829C-F3BA5F35313B}.Release|Any CPU.ActiveCfg = Release|Any CPU
		{CF6855E6-68BE-4B0E-829C-F3BA5F35313B}.Release|Any CPU.Build.0 = Release|Any CPU
		{CF6855E6-68BE-4B0E-829C-F3BA5F35313B}.Release|x64.ActiveCfg = Release|Any CPU
		{CF6855E6-68BE-4B0E-829C-F3BA5F35313B}.Release|x64.Build.0 = Release|Any CPU
		{CF6855E6-68BE-4B0E-829C-F3BA5F35313B}.Release|x86.ActiveCfg = Release|Any CPU
		{CF6855E6-68BE-4B0E-829C-F3BA5F35313B}.Release|x86.Build.0 = Release|Any CPU
		{51B5359C-E172-4CC2-89CC-784B522225BB}.Debug|Any CPU.ActiveCfg = Debug|Any CPU
		{51B5359C-E172-4CC2-89CC-784B522225BB}.Debug|Any CPU.Build.0 = Debug|Any CPU
		{51B5359C-E172-4CC2-89CC-784B522225BB}.Debug|x64.ActiveCfg = Debug|Any CPU
		{51B5359C-E172-4CC2-89CC-784B522225BB}.Debug|x64.Build.0 = Debug|Any CPU
		{51B5359C-E172-4CC2-89CC-784B522225BB}.Debug|x86.ActiveCfg = Debug|Any CPU
		{51B5359C-E172-4CC2-89CC-784B522225BB}.Debug|x86.Build.0 = Debug|Any CPU
		{51B5359C-E172-4CC2-89CC-784B522225BB}.Release|Any CPU.ActiveCfg = Release|Any CPU
		{51B5359C-E172-4CC2-89CC-784B522225BB}.Release|Any CPU.Build.0 = Release|Any CPU
		{51B5359C-E172-4CC2-89CC-784B522225BB}.Release|x64.ActiveCfg = Release|Any CPU
		{51B5359C-E172-4CC2-89CC-784B522225BB}.Release|x64.Build.0 = Release|Any CPU
		{51B5359C-E172-4CC2-89CC-784B522225BB}.Release|x86.ActiveCfg = Release|Any CPU
		{51B5359C-E172-4CC2-89CC-784B522225BB}.Release|x86.Build.0 = Release|Any CPU
		{2BC42E03-6C01-4430-8ADE-8DCCD09B2EC9}.Debug|Any CPU.ActiveCfg = Debug|Any CPU
		{2BC42E03-6C01-4430-8ADE-8DCCD09B2EC9}.Debug|Any CPU.Build.0 = Debug|Any CPU
		{2BC42E03-6C01-4430-8ADE-8DCCD09B2EC9}.Debug|x64.ActiveCfg = Debug|Any CPU
		{2BC42E03-6C01-4430-8ADE-8DCCD09B2EC9}.Debug|x64.Build.0 = Debug|Any CPU
		{2BC42E03-6C01-4430-8ADE-8DCCD09B2EC9}.Debug|x86.ActiveCfg = Debug|Any CPU
		{2BC42E03-6C01-4430-8ADE-8DCCD09B2EC9}.Debug|x86.Build.0 = Debug|Any CPU
		{2BC42E03-6C01-4430-8ADE-8DCCD09B2EC9}.Release|Any CPU.ActiveCfg = Release|Any CPU
		{2BC42E03-6C01-4430-8ADE-8DCCD09B2EC9}.Release|Any CPU.Build.0 = Release|Any CPU
		{2BC42E03-6C01-4430-8ADE-8DCCD09B2EC9}.Release|x64.ActiveCfg = Release|Any CPU
		{2BC42E03-6C01-4430-8ADE-8DCCD09B2EC9}.Release|x64.Build.0 = Release|Any CPU
		{2BC42E03-6C01-4430-8ADE-8DCCD09B2EC9}.Release|x86.ActiveCfg = Release|Any CPU
		{2BC42E03-6C01-4430-8ADE-8DCCD09B2EC9}.Release|x86.Build.0 = Release|Any CPU
	EndGlobalSection
	GlobalSection(SolutionProperties) = preSolution
		HideSolutionNode = FALSE
	EndGlobalSection
	GlobalSection(NestedProjects) = preSolution
		{CF6855E6-68BE-4B0E-829C-F3BA5F35313B} = {827E0CD3-B72D-47B6-A68D-7590B98EB39B}
		{51B5359C-E172-4CC2-89CC-784B522225BB} = {827E0CD3-B72D-47B6-A68D-7590B98EB39B}
		{2BC42E03-6C01-4430-8ADE-8DCCD09B2EC9} = {827E0CD3-B72D-47B6-A68D-7590B98EB39B}
	EndGlobalSection
EndGlobal
